# THIS IS AN AUTOGENERATED FILE. DO NOT EDIT THIS FILE DIRECTLY.
# yarn lockfile v1


classnames@^2.2.5:
  version "2.2.6"
  resolved "https://registry.yarnpkg.com/classnames/-/classnames-2.2.6.tgz#43935bffdd291f326dad0a205309b38d00f650ce"
  integrity sha512-JR/iSQOSt+LQIWwrwEzJ9uk0xfN3mTVYMwt1Ir5mUcSN6pU+V4zQFFaJsclJbPuAUQH+yfWef6tm7l1quW3C8Q==

react-table-6@^6.11.0:
  version "6.11.0"
  resolved "https://registry.yarnpkg.com/react-table-6/-/react-table-6-6.11.0.tgz#727de5d9f0357a35816a1bbc2e9c9868f8c5b2c4"
  integrity sha512-zO24J+1Qg2AHxtSNMfHeGW1dxFcmLJQrAeLJyCAENdNdwJt+YolDDtJEBdZlukon7rZeAdB3d5gUH6eb9Dn5Ug==
  dependencies:
    classnames "^2.2.5"
